// !$*UTF8*$!
{
	archiveVersion = 1;
	classes = {
	};
	objectVersion = 51;
	objects = {

/* Begin PBXBuildFile section */
		936232FFBD376B2D6DCD93E5 /* Pods_Gist.framework in Frameworks */ = {isa = PBXBuildFile; fileRef = 822BB56D21FD77F68A62189D /* Pods_Gist.framework */; };
		BA5E38A9242C33BE00FA888F /* DefaultViewModel.swift in Sources */ = {isa = PBXBuildFile; fileRef = BA5E38A8242C33BE00FA888F /* DefaultViewModel.swift */; };
		BA5E38AB242C340C00FA888F /* GistsViewModel.swift in Sources */ = {isa = PBXBuildFile; fileRef = BA5E38AA242C340C00FA888F /* GistsViewModel.swift */; };
		BA974B5D242C162C0025634E /* AppDelegate.swift in Sources */ = {isa = PBXBuildFile; fileRef = BA974B5C242C162C0025634E /* AppDelegate.swift */; };
		BA974B61242C162C0025634E /* LoginViewController.swift in Sources */ = {isa = PBXBuildFile; fileRef = BA974B60242C162C0025634E /* LoginViewController.swift */; };
		BA974B64242C162C0025634E /* Main.storyboard in Resources */ = {isa = PBXBuildFile; fileRef = BA974B62242C162C0025634E /* Main.storyboard */; };
		BA974B66242C162D0025634E /* Assets.xcassets in Resources */ = {isa = PBXBuildFile; fileRef = BA974B65242C162D0025634E /* Assets.xcassets */; };
		BA974B69242C162D0025634E /* LaunchScreen.storyboard in Resources */ = {isa = PBXBuildFile; fileRef = BA974B67242C162D0025634E /* LaunchScreen.storyboard */; };
		BA974B73242C179E0025634E /* Gist.swift in Sources */ = {isa = PBXBuildFile; fileRef = BA974B72242C179E0025634E /* Gist.swift */; };
		BA974B75242C18840025634E /* User.swift in Sources */ = {isa = PBXBuildFile; fileRef = BA974B74242C18840025634E /* User.swift */; };
		BA974B77242C19F30025634E /* Files.swift in Sources */ = {isa = PBXBuildFile; fileRef = BA974B76242C19F30025634E /* Files.swift */; };
		BA974B79242C1A560025634E /* GistsTableViewController.swift in Sources */ = {isa = PBXBuildFile; fileRef = BA974B78242C1A560025634E /* GistsTableViewController.swift */; };
		BA974B7D242C1AED0025634E /* LoginViewModel.swift in Sources */ = {isa = PBXBuildFile; fileRef = BA974B7C242C1AED0025634E /* LoginViewModel.swift */; };
		BA974B82242C1BB20025634E /* WebService.swift in Sources */ = {isa = PBXBuildFile; fileRef = BA974B81242C1BB20025634E /* WebService.swift */; };
		BA974B85242C21240025634E /* SafariServices.framework in Frameworks */ = {isa = PBXBuildFile; fileRef = BA974B84242C21240025634E /* SafariServices.framework */; };
		BAA58DA12432CE8800E6DE0A /* Comment.swift in Sources */ = {isa = PBXBuildFile; fileRef = BAA58DA02432CE8800E6DE0A /* Comment.swift */; };
		BAA58DA32432CF7300E6DE0A /* GistCommentsTableViewController.swift in Sources */ = {isa = PBXBuildFile; fileRef = BAA58DA22432CF7300E6DE0A /* GistCommentsTableViewController.swift */; };
		BAA58DA52432D0A500E6DE0A /* CommentTableViewCell.swift in Sources */ = {isa = PBXBuildFile; fileRef = BAA58DA42432D0A500E6DE0A /* CommentTableViewCell.swift */; };
		BAA58DA92432D2BB00E6DE0A /* GistCommentViewModel.swift in Sources */ = {isa = PBXBuildFile; fileRef = BAA58DA82432D2BB00E6DE0A /* GistCommentViewModel.swift */; };
		BAD7E10D2432E01A0086FD2A /* SceneDelegate.swift in Sources */ = {isa = PBXBuildFile; fileRef = BAD7E10C2432E01A0086FD2A /* SceneDelegate.swift */; };
		BAE7D61B24329E6E004C6920 /* GistTableViewCell.swift in Sources */ = {isa = PBXBuildFile; fileRef = BAE7D61A24329E6E004C6920 /* GistTableViewCell.swift */; };
		BAE7D61D24329F37004C6920 /* Extensions.swift in Sources */ = {isa = PBXBuildFile; fileRef = BAE7D61C24329F37004C6920 /* Extensions.swift */; };
		BAE7D6212432B181004C6920 /* GistViewController.swift in Sources */ = {isa = PBXBuildFile; fileRef = BAE7D6202432B181004C6920 /* GistViewController.swift */; };
		BAE7D6232432B440004C6920 /* CodeTableViewCell.swift in Sources */ = {isa = PBXBuildFile; fileRef = BAE7D6222432B440004C6920 /* CodeTableViewCell.swift */; };
/* End PBXBuildFile section */

/* Begin PBXFileReference section */
		54F8BFA19365ADF8A679D05C /* Pods-Gist.debug.xcconfig */ = {isa = PBXFileReference; includeInIndex = 1; lastKnownFileType = text.xcconfig; name = "Pods-Gist.debug.xcconfig"; path = "Target Support Files/Pods-Gist/Pods-Gist.debug.xcconfig"; sourceTree = "<group>"; };
		822BB56D21FD77F68A62189D /* Pods_Gist.framework */ = {isa = PBXFileReference; explicitFileType = wrapper.framework; includeInIndex = 0; path = Pods_Gist.framework; sourceTree = BUILT_PRODUCTS_DIR; };
		BA5E38A8242C33BE00FA888F /* DefaultViewModel.swift */ = {isa = PBXFileReference; lastKnownFileType = sourcecode.swift; path = DefaultViewModel.swift; sourceTree = "<group>"; };
		BA5E38AA242C340C00FA888F /* GistsViewModel.swift */ = {isa = PBXFileReference; lastKnownFileType = sourcecode.swift; path = GistsViewModel.swift; sourceTree = "<group>"; };
		BA974B59242C162C0025634E /* Gist.app */ = {isa = PBXFileReference; explicitFileType = wrapper.application; includeInIndex = 0; path = Gist.app; sourceTree = BUILT_PRODUCTS_DIR; };
		BA974B5C242C162C0025634E /* AppDelegate.swift */ = {isa = PBXFileReference; lastKnownFileType = sourcecode.swift; path = AppDelegate.swift; sourceTree = "<group>"; };
		BA974B60242C162C0025634E /* LoginViewController.swift */ = {isa = PBXFileReference; lastKnownFileType = sourcecode.swift; path = LoginViewController.swift; sourceTree = "<group>"; };
		BA974B63242C162C0025634E /* Base */ = {isa = PBXFileReference; lastKnownFileType = file.storyboard; name = Base; path = Base.lproj/Main.storyboard; sourceTree = "<group>"; };
		BA974B65242C162D0025634E /* Assets.xcassets */ = {isa = PBXFileReference; lastKnownFileType = folder.assetcatalog; path = Assets.xcassets; sourceTree = "<group>"; };
		BA974B68242C162D0025634E /* Base */ = {isa = PBXFileReference; lastKnownFileType = file.storyboard; name = Base; path = Base.lproj/LaunchScreen.storyboard; sourceTree = "<group>"; };
		BA974B6A242C162D0025634E /* Info.plist */ = {isa = PBXFileReference; lastKnownFileType = text.plist.xml; path = Info.plist; sourceTree = "<group>"; };
		BA974B72242C179E0025634E /* Gist.swift */ = {isa = PBXFileReference; lastKnownFileType = sourcecode.swift; path = Gist.swift; sourceTree = "<group>"; };
		BA974B74242C18840025634E /* User.swift */ = {isa = PBXFileReference; lastKnownFileType = sourcecode.swift; path = User.swift; sourceTree = "<group>"; };
		BA974B76242C19F30025634E /* Files.swift */ = {isa = PBXFileReference; lastKnownFileType = sourcecode.swift; path = Files.swift; sourceTree = "<group>"; };
		BA974B78242C1A560025634E /* GistsTableViewController.swift */ = {isa = PBXFileReference; lastKnownFileType = sourcecode.swift; path = GistsTableViewController.swift; sourceTree = "<group>"; };
		BA974B7C242C1AED0025634E /* LoginViewModel.swift */ = {isa = PBXFileReference; lastKnownFileType = sourcecode.swift; path = LoginViewModel.swift; sourceTree = "<group>"; };
		BA974B81242C1BB20025634E /* WebService.swift */ = {isa = PBXFileReference; lastKnownFileType = sourcecode.swift; path = WebService.swift; sourceTree = "<group>"; };
		BA974B84242C21240025634E /* SafariServices.framework */ = {isa = PBXFileReference; lastKnownFileType = wrapper.framework; name = SafariServices.framework; path = System/Library/Frameworks/SafariServices.framework; sourceTree = SDKROOT; };
		BAA58DA02432CE8800E6DE0A /* Comment.swift */ = {isa = PBXFileReference; lastKnownFileType = sourcecode.swift; path = Comment.swift; sourceTree = "<group>"; };
		BAA58DA22432CF7300E6DE0A /* GistCommentsTableViewController.swift */ = {isa = PBXFileReference; lastKnownFileType = sourcecode.swift; path = GistCommentsTableViewController.swift; sourceTree = "<group>"; };
		BAA58DA42432D0A500E6DE0A /* CommentTableViewCell.swift */ = {isa = PBXFileReference; lastKnownFileType = sourcecode.swift; path = CommentTableViewCell.swift; sourceTree = "<group>"; };
		BAA58DA82432D2BB00E6DE0A /* GistCommentViewModel.swift */ = {isa = PBXFileReference; lastKnownFileType = sourcecode.swift; path = GistCommentViewModel.swift; sourceTree = "<group>"; };
		BAD7E10C2432E01A0086FD2A /* SceneDelegate.swift */ = {isa = PBXFileReference; fileEncoding = 4; lastKnownFileType = sourcecode.swift; path = SceneDelegate.swift; sourceTree = "<group>"; };
		BAE7D61A24329E6E004C6920 /* GistTableViewCell.swift */ = {isa = PBXFileReference; lastKnownFileType = sourcecode.swift; path = GistTableViewCell.swift; sourceTree = "<group>"; };
		BAE7D61C24329F37004C6920 /* Extensions.swift */ = {isa = PBXFileReference; lastKnownFileType = sourcecode.swift; path = Extensions.swift; sourceTree = "<group>"; };
		BAE7D6202432B181004C6920 /* GistViewController.swift */ = {isa = PBXFileReference; lastKnownFileType = sourcecode.swift; path = GistViewController.swift; sourceTree = "<group>"; };
		BAE7D6222432B440004C6920 /* CodeTableViewCell.swift */ = {isa = PBXFileReference; lastKnownFileType = sourcecode.swift; path = CodeTableViewCell.swift; sourceTree = "<group>"; };
		DB330F0AF32E05B2CA32BFA6 /* Pods-Gist.release.xcconfig */ = {isa = PBXFileReference; includeInIndex = 1; lastKnownFileType = text.xcconfig; name = "Pods-Gist.release.xcconfig"; path = "Target Support Files/Pods-Gist/Pods-Gist.release.xcconfig"; sourceTree = "<group>"; };
/* End PBXFileReference section */

/* Begin PBXFrameworksBuildPhase section */
		BA974B56242C162C0025634E /* Frameworks */ = {
			isa = PBXFrameworksBuildPhase;
			buildActionMask = 2147483647;
			files = (
				BA974B85242C21240025634E /* SafariServices.framework in Frameworks */,
				936232FFBD376B2D6DCD93E5 /* Pods_Gist.framework in Frameworks */,
			);
			runOnlyForDeploymentPostprocessing = 0;
		};
/* End PBXFrameworksBuildPhase section */

/* Begin PBXGroup section */
		75A2BA414A47617694573DFA /* Frameworks */ = {
			isa = PBXGroup;
			children = (
				BA974B84242C21240025634E /* SafariServices.framework */,
				822BB56D21FD77F68A62189D /* Pods_Gist.framework */,
			);
			name = Frameworks;
			sourceTree = "<group>";
		};
		9C01C77C7F76FC00CB360215 /* Pods */ = {
			isa = PBXGroup;
			children = (
				54F8BFA19365ADF8A679D05C /* Pods-Gist.debug.xcconfig */,
				DB330F0AF32E05B2CA32BFA6 /* Pods-Gist.release.xcconfig */,
			);
			path = Pods;
			sourceTree = "<group>";
		};
		BA974B50242C162C0025634E = {
			isa = PBXGroup;
			children = (
				BA974B5B242C162C0025634E /* Gist */,
				BA974B5A242C162C0025634E /* Products */,
				9C01C77C7F76FC00CB360215 /* Pods */,
				75A2BA414A47617694573DFA /* Frameworks */,
			);
			sourceTree = "<group>";
		};
		BA974B5A242C162C0025634E /* Products */ = {
			isa = PBXGroup;
			children = (
				BA974B59242C162C0025634E /* Gist.app */,
			);
			name = Products;
			sourceTree = "<group>";
		};
		BA974B5B242C162C0025634E /* Gist */ = {
			isa = PBXGroup;
			children = (
				BAA58D792432BBBE00E6DE0A /* Lib */,
				BA974B71242C17840025634E /* Controllers */,
				BA974B70242C17750025634E /* Models */,
				BA974B5C242C162C0025634E /* AppDelegate.swift */,
				BAD7E10C2432E01A0086FD2A /* SceneDelegate.swift */,
				BA974B62242C162C0025634E /* Main.storyboard */,
				BA974B65242C162D0025634E /* Assets.xcassets */,
				BA974B67242C162D0025634E /* LaunchScreen.storyboard */,
				BA974B6A242C162D0025634E /* Info.plist */,
			);
			path = Gist;
			sourceTree = "<group>";
		};
		BA974B70242C17750025634E /* Models */ = {
			isa = PBXGroup;
			children = (
				BA974B7F242C1B7D0025634E /* WS */,
				BA974B7E242C1B730025634E /* Objects */,
			);
			path = Models;
			sourceTree = "<group>";
		};
		BA974B71242C17840025634E /* Controllers */ = {
			isa = PBXGroup;
			children = (
				BAE7D61C24329F37004C6920 /* Extensions.swift */,
				BA5E38A8242C33BE00FA888F /* DefaultViewModel.swift */,
				BA974B7B242C1AA30025634E /* Gists */,
				BA974B7A242C1A920025634E /* Login */,
			);
			path = Controllers;
			sourceTree = "<group>";
		};
		BA974B7A242C1A920025634E /* Login */ = {
			isa = PBXGroup;
			children = (
				BA974B60242C162C0025634E /* LoginViewController.swift */,
				BA974B7C242C1AED0025634E /* LoginViewModel.swift */,
			);
			path = Login;
			sourceTree = "<group>";
		};
		BA974B7B242C1AA30025634E /* Gists */ = {
			isa = PBXGroup;
			children = (
				BAA58DA72432D2A100E6DE0A /* Comments */,
				BAA58DA62432D28D00E6DE0A /* GistsListAndView */,
				BAE7D61924329E58004C6920 /* Cells */,
			);
			path = Gists;
			sourceTree = "<group>";
		};
		BA974B7E242C1B730025634E /* Objects */ = {
			isa = PBXGroup;
			children = (
				BA974B72242C179E0025634E /* Gist.swift */,
				BA974B74242C18840025634E /* User.swift */,
				BA974B76242C19F30025634E /* Files.swift */,
				BAA58DA02432CE8800E6DE0A /* Comment.swift */,
			);
			path = Objects;
			sourceTree = "<group>";
		};
		BA974B7F242C1B7D0025634E /* WS */ = {
			isa = PBXGroup;
			children = (
				BA974B81242C1BB20025634E /* WebService.swift */,
			);
			path = WS;
			sourceTree = "<group>";
		};
		BAA58D792432BBBE00E6DE0A /* Lib */ = {
			isa = PBXGroup;
			children = (
			);
			path = Lib;
			sourceTree = "<group>";
		};
		BAA58DA62432D28D00E6DE0A /* GistsListAndView */ = {
			isa = PBXGroup;
			children = (
				BA5E38AA242C340C00FA888F /* GistsViewModel.swift */,
				BA974B78242C1A560025634E /* GistsTableViewController.swift */,
				BAE7D6202432B181004C6920 /* GistViewController.swift */,
			);
			path = GistsListAndView;
			sourceTree = "<group>";
		};
		BAA58DA72432D2A100E6DE0A /* Comments */ = {
			isa = PBXGroup;
			children = (
				BAA58DA22432CF7300E6DE0A /* GistCommentsTableViewController.swift */,
				BAA58DA82432D2BB00E6DE0A /* GistCommentViewModel.swift */,
			);
			path = Comments;
			sourceTree = "<group>";
		};
		BAE7D61924329E58004C6920 /* Cells */ = {
			isa = PBXGroup;
			children = (
				BAE7D61A24329E6E004C6920 /* GistTableViewCell.swift */,
				BAE7D6222432B440004C6920 /* CodeTableViewCell.swift */,
				BAA58DA42432D0A500E6DE0A /* CommentTableViewCell.swift */,
			);
			path = Cells;
			sourceTree = "<group>";
		};
/* End PBXGroup section */

/* Begin PBXNativeTarget section */
		BA974B58242C162C0025634E /* Gist */ = {
			isa = PBXNativeTarget;
			buildConfigurationList = BA974B6D242C162D0025634E /* Build configuration list for PBXNativeTarget "Gist" */;
			buildPhases = (
				62F13D306A2811D26030D397 /* [CP] Check Pods Manifest.lock */,
				BA974B55242C162C0025634E /* Sources */,
				BA974B56242C162C0025634E /* Frameworks */,
				BA974B57242C162C0025634E /* Resources */,
				D44F278C23FC799C1B186C0A /* [CP] Embed Pods Frameworks */,
			);
			buildRules = (
			);
			dependencies = (
			);
			name = Gist;
			productName = Gist;
			productReference = BA974B59242C162C0025634E /* Gist.app */;
			productType = "com.apple.product-type.application";
		};
/* End PBXNativeTarget section */

/* Begin PBXProject section */
		BA974B51242C162C0025634E /* Project object */ = {
			isa = PBXProject;
			attributes = {
				LastSwiftUpdateCheck = 1120;
				LastUpgradeCheck = 1120;
				ORGANIZATIONNAME = iMonster;
				TargetAttributes = {
					BA974B58242C162C0025634E = {
						CreatedOnToolsVersion = 11.2.1;
					};
				};
			};
			buildConfigurationList = BA974B54242C162C0025634E /* Build configuration list for PBXProject "Gist" */;
			compatibilityVersion = "Xcode 9.3";
			developmentRegion = en;
			hasScannedForEncodings = 0;
			knownRegions = (
				en,
				Base,
			);
			mainGroup = BA974B50242C162C0025634E;
			productRefGroup = BA974B5A242C162C0025634E /* Products */;
			projectDirPath = "";
			projectRoot = "";
			targets = (
				BA974B58242C162C0025634E /* Gist */,
			);
		};
/* End PBXProject section */

/* Begin PBXResourcesBuildPhase section */
		BA974B57242C162C0025634E /* Resources */ = {
			isa = PBXResourcesBuildPhase;
			buildActionMask = 2147483647;
			files = (
				BA974B69242C162D0025634E /* LaunchScreen.storyboard in Resources */,
				BA974B66242C162D0025634E /* Assets.xcassets in Resources */,
				BA974B64242C162C0025634E /* Main.storyboard in Resources */,
			);
			runOnlyForDeploymentPostprocessing = 0;
		};
/* End PBXResourcesBuildPhase section */

/* Begin PBXShellScriptBuildPhase section */
		62F13D306A2811D26030D397 /* [CP] Check Pods Manifest.lock */ = {
			isa = PBXShellScriptBuildPhase;
			buildActionMask = 2147483647;
			files = (
			);
			inputFileListPaths = (
			);
			inputPaths = (
				"${PODS_PODFILE_DIR_PATH}/Podfile.lock",
				"${PODS_ROOT}/Manifest.lock",
			);
			name = "[CP] Check Pods Manifest.lock";
			outputFileListPaths = (
			);
			outputPaths = (
				"$(DERIVED_FILE_DIR)/Pods-Gist-checkManifestLockResult.txt",
			);
			runOnlyForDeploymentPostprocessing = 0;
			shellPath = /bin/sh;
			shellScript = "diff \"${PODS_PODFILE_DIR_PATH}/Podfile.lock\" \"${PODS_ROOT}/Manifest.lock\" > /dev/null\nif [ $? != 0 ] ; then\n    # print error to STDERR\n    echo \"error: The sandbox is not in sync with the Podfile.lock. Run 'pod install' or update your CocoaPods installation.\" >&2\n    exit 1\nfi\n# This output is used by Xcode 'outputs' to avoid re-running this script phase.\necho \"SUCCESS\" > \"${SCRIPT_OUTPUT_FILE_0}\"\n";
			showEnvVarsInLog = 0;
		};
		D44F278C23FC799C1B186C0A /* [CP] Embed Pods Frameworks */ = {
			isa = PBXShellScriptBuildPhase;
			buildActionMask = 2147483647;
			files = (
			);
			inputFileListPaths = (
				"${PODS_ROOT}/Target Support Files/Pods-Gist/Pods-Gist-frameworks-${CONFIGURATION}-input-files.xcfilelist",
			);
			name = "[CP] Embed Pods Frameworks";
			outputFileListPaths = (
				"${PODS_ROOT}/Target Support Files/Pods-Gist/Pods-Gist-frameworks-${CONFIGURATION}-output-files.xcfilelist",
			);
			runOnlyForDeploymentPostprocessing = 0;
			shellPath = /bin/sh;
			shellScript = "\"${PODS_ROOT}/Target Support Files/Pods-Gist/Pods-Gist-frameworks.sh\"\n";
			showEnvVarsInLog = 0;
		};
/* End PBXShellScriptBuildPhase section */

/* Begin PBXSourcesBuildPhase section */
		BA974B55242C162C0025634E /* Sources */ = {
			isa = PBXSourcesBuildPhase;
			buildActionMask = 2147483647;
			files = (
				BAE7D6232432B440004C6920 /* CodeTableViewCell.swift in Sources */,
				BA5E38A9242C33BE00FA888F /* DefaultViewModel.swift in Sources */,
				BAA58DA92432D2BB00E6DE0A /* GistCommentViewModel.swift in Sources */,
				BA974B82242C1BB20025634E /* WebService.swift in Sources */,
				BAA58DA32432CF7300E6DE0A /* GistCommentsTableViewController.swift in Sources */,
				BA974B73242C179E0025634E /* Gist.swift in Sources */,
				BA974B61242C162C0025634E /* LoginViewController.swift in Sources */,
				BAE7D61B24329E6E004C6920 /* GistTableViewCell.swift in Sources */,
				BA5E38AB242C340C00FA888F /* GistsViewModel.swift in Sources */,
				BA974B5D242C162C0025634E /* AppDelegate.swift in Sources */,
				BAE7D6212432B181004C6920 /* GistViewController.swift in Sources */,
				BAE7D61D24329F37004C6920 /* Extensions.swift in Sources */,
				BA974B75242C18840025634E /* User.swift in Sources */,
				BAA58DA12432CE8800E6DE0A /* Comment.swift in Sources */,
				BAA58DA52432D0A500E6DE0A /* CommentTableViewCell.swift in Sources */,
				BA974B7D242C1AED0025634E /* LoginViewModel.swift in Sources */,
				BAD7E10D2432E01A0086FD2A /* SceneDelegate.swift in Sources */,
				BA974B79242C1A560025634E /* GistsTableViewController.swift in Sources */,
				BA974B77242C19F30025634E /* Files.swift in Sources */,
			);
			runOnlyForDeploymentPostprocessing = 0;
		};
/* End PBXSourcesBuildPhase section */

/* Begin PBXVariantGroup section */
		BA974B62242C162C0025634E /* Main.storyboard */ = {
			isa = PBXVariantGroup;
			children = (
				BA974B63242C162C0025634E /* Base */,
			);
			name = Main.storyboard;
			sourceTree = "<group>";
		};
		BA974B67242C162D0025634E /* LaunchScreen.storyboard */ = {
			isa = PBXVariantGroup;
			children = (
				BA974B68242C162D0025634E /* Base */,
			);
			name = LaunchScreen.storyboard;
			sourceTree = "<group>";
		};
/* End PBXVariantGroup section */

/* Begin XCBuildConfiguration section */
		BA974B6B242C162D0025634E /* Debug */ = {
			isa = XCBuildConfiguration;
			buildSettings = {
				ALWAYS_SEARCH_USER_PATHS = NO;
				CLANG_ANALYZER_NONNULL = YES;
				CLANG_ANALYZER_NUMBER_OBJECT_CONVERSION = YES_AGGRESSIVE;
				CLANG_CXX_LANGUAGE_STANDARD = "gnu++14";
				CLANG_CXX_LIBRARY = "libc++";
				CLANG_ENABLE_MODULES = YES;
				CLANG_ENABLE_OBJC_ARC = YES;
				CLANG_ENABLE_OBJC_WEAK = YES;
				CLANG_WARN_BLOCK_CAPTURE_AUTORELEASING = YES;
				CLANG_WARN_BOOL_CONVERSION = YES;
				CLANG_WARN_COMMA = YES;
				CLANG_WARN_CONSTANT_CONVERSION = YES;
				CLANG_WARN_DEPRECATED_OBJC_IMPLEMENTATIONS = YES;
				CLANG_WARN_DIRECT_OBJC_ISA_USAGE = YES_ERROR;
				CLANG_WARN_DOCUMENTATION_COMMENTS = YES;
				CLANG_WARN_EMPTY_BODY = YES;
				CLANG_WARN_ENUM_CONVERSION = YES;
				CLANG_WARN_INFINITE_RECURSION = YES;
				CLANG_WARN_INT_CONVERSION = YES;
				CLANG_WARN_NON_LITERAL_NULL_CONVERSION = YES;
				CLANG_WARN_OBJC_IMPLICIT_RETAIN_SELF = YES;
				CLANG_WARN_OBJC_LITERAL_CONVERSION = YES;
				CLANG_WARN_OBJC_ROOT_CLASS = YES_ERROR;
				CLANG_WARN_RANGE_LOOP_ANALYSIS = YES;
				CLANG_WARN_STRICT_PROTOTYPES = YES;
				CLANG_WARN_SUSPICIOUS_MOVE = YES;
				CLANG_WARN_UNGUARDED_AVAILABILITY = YES_AGGRESSIVE;
				CLANG_WARN_UNREACHABLE_CODE = YES;
				CLANG_WARN__DUPLICATE_METHOD_MATCH = YES;
				COPY_PHASE_STRIP = NO;
				DEBUG_INFORMATION_FORMAT = dwarf;
				ENABLE_STRICT_OBJC_MSGSEND = YES;
				ENABLE_TESTABILITY = YES;
				GCC_C_LANGUAGE_STANDARD = gnu11;
				GCC_DYNAMIC_NO_PIC = NO;
				GCC_NO_COMMON_BLOCKS = YES;
				GCC_OPTIMIZATION_LEVEL = 0;
				GCC_PREPROCESSOR_DEFINITIONS = (
					"DEBUG=1",
					"$(inherited)",
				);
				GCC_WARN_64_TO_32_BIT_CONVERSION = YES;
				GCC_WARN_ABOUT_RETURN_TYPE = YES_ERROR;
				GCC_WARN_UNDECLARED_SELECTOR = YES;
				GCC_WARN_UNINITIALIZED_AUTOS = YES_AGGRESSIVE;
				GCC_WARN_UNUSED_FUNCTION = YES;
				GCC_WARN_UNUSED_VARIABLE = YES;
				IPHONEOS_DEPLOYMENT_TARGET = 13.2;
				MTL_ENABLE_DEBUG_INFO = INCLUDE_SOURCE;
				MTL_FAST_MATH = YES;
				ONLY_ACTIVE_ARCH = YES;
				SDKROOT = iphoneos;
				SWIFT_ACTIVE_COMPILATION_CONDITIONS = DEBUG;
				SWIFT_OPTIMIZATION_LEVEL = "-Onone";
			};
			name = Debug;
		};
		BA974B6C242C162D0025634E /* Release */ = {
			isa = XCBuildConfiguration;
			buildSettings = {
				ALWAYS_SEARCH_USER_PATHS = NO;
				CLANG_ANALYZER_NONNULL = YES;
				CLANG_ANALYZER_NUMBER_OBJECT_CONVERSION = YES_AGGRESSIVE;
				CLANG_CXX_LANGUAGE_STANDARD = "gnu++14";
				CLANG_CXX_LIBRARY = "libc++";
				CLANG_ENABLE_MODULES = YES;
				CLANG_ENABLE_OBJC_ARC = YES;
				CLANG_ENABLE_OBJC_WEAK = YES;
				CLANG_WARN_BLOCK_CAPTURE_AUTORELEASING = YES;
				CLANG_WARN_BOOL_CONVERSION = YES;
				CLANG_WARN_COMMA = YES;
				CLANG_WARN_CONSTANT_CONVERSION = YES;
				CLANG_WARN_DEPRECATED_OBJC_IMPLEMENTATIONS = YES;
				CLANG_WARN_DIRECT_OBJC_ISA_USAGE = YES_ERROR;
				CLANG_WARN_DOCUMENTATION_COMMENTS = YES;
				CLANG_WARN_EMPTY_BODY = YES;
				CLANG_WARN_ENUM_CONVERSION = YES;
				CLANG_WARN_INFINITE_RECURSION = YES;
				CLANG_WARN_INT_CONVERSION = YES;
				CLANG_WARN_NON_LITERAL_NULL_CONVERSION = YES;
				CLANG_WARN_OBJC_IMPLICIT_RETAIN_SELF = YES;
				CLANG_WARN_OBJC_LITERAL_CONVERSION = YES;
				CLANG_WARN_OBJC_ROOT_CLASS = YES_ERROR;
				CLANG_WARN_RANGE_LOOP_ANALYSIS = YES;
				CLANG_WARN_STRICT_PROTOTYPES = YES;
				CLANG_WARN_SUSPICIOUS_MOVE = YES;
				CLANG_WARN_UNGUARDED_AVAILABILITY = YES_AGGRESSIVE;
				CLANG_WARN_UNREACHABLE_CODE = YES;
				CLANG_WARN__DUPLICATE_METHOD_MATCH = YES;
				COPY_PHASE_STRIP = NO;
				DEBUG_INFORMATION_FORMAT = "dwarf-with-dsym";
				ENABLE_NS_ASSERTIONS = NO;
				ENABLE_STRICT_OBJC_MSGSEND = YES;
				GCC_C_LANGUAGE_STANDARD = gnu11;
				GCC_NO_COMMON_BLOCKS = YES;
				GCC_WARN_64_TO_32_BIT_CONVERSION = YES;
				GCC_WARN_ABOUT_RETURN_TYPE = YES_ERROR;
				GCC_WARN_UNDECLARED_SELECTOR = YES;
				GCC_WARN_UNINITIALIZED_AUTOS = YES_AGGRESSIVE;
				GCC_WARN_UNUSED_FUNCTION = YES;
				GCC_WARN_UNUSED_VARIABLE = YES;
				IPHONEOS_DEPLOYMENT_TARGET = 13.2;
				MTL_ENABLE_DEBUG_INFO = NO;
				MTL_FAST_MATH = YES;
				SDKROOT = iphoneos;
				SWIFT_COMPILATION_MODE = wholemodule;
				SWIFT_OPTIMIZATION_LEVEL = "-O";
				VALIDATE_PRODUCT = YES;
			};
			name = Release;
		};
		BA974B6E242C162D0025634E /* Debug */ = {
			isa = XCBuildConfiguration;
			baseConfigurationReference = 54F8BFA19365ADF8A679D05C /* Pods-Gist.debug.xcconfig */;
			buildSettings = {
				ASSETCATALOG_COMPILER_APPICON_NAME = AppIcon;
				CODE_SIGN_STYLE = Automatic;
				DEVELOPMENT_TEAM = UJ8AG9BCW2;
				INFOPLIST_FILE = Gist/Info.plist;
				LD_RUNPATH_SEARCH_PATHS = (
					"$(inherited)",
					"@executable_path/Frameworks",
				);
				PRODUCT_BUNDLE_IDENTIFIER = br.com.ios.Gist;
				PRODUCT_NAME = "$(TARGET_NAME)";
				SWIFT_VERSION = 5.0;
				TARGETED_DEVICE_FAMILY = "1,2";
			};
			name = Debug;
		};
		BA974B6F242C162D0025634E /* Release */ = {
			isa = XCBuildConfiguration;
			baseConfigurationReference = DB330F0AF32E05B2CA32BFA6 /* Pods-Gist.release.xcconfig */;
			buildSettings = {
				ASSETCATALOG_COMPILER_APPICON_NAME = AppIcon;
				CODE_SIGN_STYLE = Automatic;
				DEVELOPMENT_TEAM = UJ8AG9BCW2;
				INFOPLIST_FILE = Gist/Info.plist;
				LD_RUNPATH_SEARCH_PATHS = (
					"$(inherited)",
					"@executable_path/Frameworks",
				);
				PRODUCT_BUNDLE_IDENTIFIER = br.com.ios.Gist;
				PRODUCT_NAME = "$(TARGET_NAME)";
				SWIFT_VERSION = 5.0;
				TARGETED_DEVICE_FAMILY = "1,2";
			};
			name = Release;
		};
/* End XCBuildConfiguration section */

/* Begin XCConfigurationList section */
		BA974B54242C162C0025634E /* Build configuration list for PBXProject "Gist" */ = {
			isa = XCConfigurationList;
			buildConfigurations = (
				BA974B6B242C162D0025634E /* Debug */,
				BA974B6C242C162D0025634E /* Release */,
			);
			defaultConfigurationIsVisible = 0;
			defaultConfigurationName = Release;
		};
		BA974B6D242C162D0025634E /* Build configuration list for PBXNativeTarget "Gist" */ = {
			isa = XCConfigurationList;
			buildConfigurations = (
				BA974B6E242C162D0025634E /* Debug */,
				BA974B6F242C162D0025634E /* Release */,
			);
			defaultConfigurationIsVisible = 0;
			defaultConfigurationName = Release;
		};
/* End XCConfigurationList section */
	};
	rootObject = BA974B51242C162C0025634E /* Project object */;
}
